
Microsoft Visual Studio Solution File, Format Version 12.00
# Visual Studio Version 16
VisualStudioVersion = 25.0.1706.0
MinimumVisualStudioVersion = 10.0.40219.1
Project("{FAE04EC0-301F-11D3-BF4B-00C04F79EFBC}") = "Practice Assessment 3", "Practice Assessment 3\Practice Assessment 3.csproj", "{4175EAB2-21DE-4D32-8F9E-FB40C0906096}"
EndProject
Global
	GlobalSection(SolutionConfigurationPlatforms) = preSolution
		Debug|Any CPU = Debug|Any CPU
		Release|Any CPU = Release|Any CPU
	EndGlobalSection
	GlobalSection(ProjectConfigurationPlatforms) = postSolution
		{4175EAB2-21DE-4D32-8F9E-FB40C0906096}.Debug|Any CPU.ActiveCfg = Debug|Any CPU
		{4175EAB2-21DE-4D32-8F9E-FB40C0906096}.Debug|Any CPU.Build.0 = Debug|Any CPU
		{4175EAB2-21DE-4D32-8F9E-FB40C0906096}.Release|Any CPU.ActiveCfg = Release|Any CPU
		{4175EAB2-21DE-4D32-8F9E-FB40C0906096}.Release|Any CPU.Build.0 = Release|Any CPU
	EndGlobalSection
	GlobalSection(SolutionProperties) = preSolution
		HideSolutionNode = FALSE
	EndGlobalSection
	GlobalSection(ExtensibilityGlobals) = postSolution
		SolutionGuid = {FCEC4863-E236-440C-88C9-1A2ABB38FFDE}
	EndGlobalSection
EndGlobal
