
Microsoft Visual Studio Solution File, Format Version 12.00
# Visual Studio Version 16
VisualStudioVersion = 25.0.1706.0
MinimumVisualStudioVersion = 10.0.40219.1
Project("{FAE04EC0-301F-11D3-BF4B-00C04F79EFBC}") = "Day 1", "Day 1\Day 1.csproj", "{92C8A35F-B1D9-4621-9E6F-D1BD095338EE}"
EndProject
Global
	GlobalSection(SolutionConfigurationPlatforms) = preSolution
		Debug|Any CPU = Debug|Any CPU
		Release|Any CPU = Release|Any CPU
	EndGlobalSection
	GlobalSection(ProjectConfigurationPlatforms) = postSolution
		{92C8A35F-B1D9-4621-9E6F-D1BD095338EE}.Debug|Any CPU.ActiveCfg = Debug|Any CPU
		{92C8A35F-B1D9-4621-9E6F-D1BD095338EE}.Debug|Any CPU.Build.0 = Debug|Any CPU
		{92C8A35F-B1D9-4621-9E6F-D1BD095338EE}.Release|Any CPU.ActiveCfg = Release|Any CPU
		{92C8A35F-B1D9-4621-9E6F-D1BD095338EE}.Release|Any CPU.Build.0 = Release|Any CPU
	EndGlobalSection
	GlobalSection(SolutionProperties) = preSolution
		HideSolutionNode = FALSE
	EndGlobalSection
	GlobalSection(ExtensibilityGlobals) = postSolution
		SolutionGuid = {35DE8924-DD34-4DED-826C-BA35AEAED4AF}
	EndGlobalSection
EndGlobal
