
Microsoft Visual Studio Solution File, Format Version 12.00
# Visual Studio Version 16
VisualStudioVersion = 25.0.1706.0
MinimumVisualStudioVersion = 10.0.40219.1
Project("{FAE04EC0-301F-11D3-BF4B-00C04F79EFBC}") = "Design Patterns", "Design Patterns\Design Patterns.csproj", "{4F57CC84-955F-49F0-A2EC-3B3581927FA0}"
EndProject
Global
	GlobalSection(SolutionConfigurationPlatforms) = preSolution
		Debug|Any CPU = Debug|Any CPU
		Release|Any CPU = Release|Any CPU
	EndGlobalSection
	GlobalSection(ProjectConfigurationPlatforms) = postSolution
		{4F57CC84-955F-49F0-A2EC-3B3581927FA0}.Debug|Any CPU.ActiveCfg = Debug|Any CPU
		{4F57CC84-955F-49F0-A2EC-3B3581927FA0}.Debug|Any CPU.Build.0 = Debug|Any CPU
		{4F57CC84-955F-49F0-A2EC-3B3581927FA0}.Release|Any CPU.ActiveCfg = Release|Any CPU
		{4F57CC84-955F-49F0-A2EC-3B3581927FA0}.Release|Any CPU.Build.0 = Release|Any CPU
	EndGlobalSection
	GlobalSection(SolutionProperties) = preSolution
		HideSolutionNode = FALSE
	EndGlobalSection
	GlobalSection(ExtensibilityGlobals) = postSolution
		SolutionGuid = {B03D1BCB-C831-4710-9A3B-B53D7B83BD7E}
	EndGlobalSection
EndGlobal
