
Microsoft Visual Studio Solution File, Format Version 12.00
# Visual Studio Version 16
VisualStudioVersion = 25.0.1706.0
MinimumVisualStudioVersion = 10.0.40219.1
Project("{FAE04EC0-301F-11D3-BF4B-00C04F79EFBC}") = "Day 1", "Day 1.csproj", "{3EE14501-34EA-4203-9DAF-965B840C0F15}"
EndProject
Global
	GlobalSection(SolutionConfigurationPlatforms) = preSolution
		Debug|Any CPU = Debug|Any CPU
		Release|Any CPU = Release|Any CPU
	EndGlobalSection
	GlobalSection(ProjectConfigurationPlatforms) = postSolution
		{3EE14501-34EA-4203-9DAF-965B840C0F15}.Debug|Any CPU.ActiveCfg = Debug|Any CPU
		{3EE14501-34EA-4203-9DAF-965B840C0F15}.Debug|Any CPU.Build.0 = Debug|Any CPU
		{3EE14501-34EA-4203-9DAF-965B840C0F15}.Release|Any CPU.ActiveCfg = Release|Any CPU
		{3EE14501-34EA-4203-9DAF-965B840C0F15}.Release|Any CPU.Build.0 = Release|Any CPU
	EndGlobalSection
	GlobalSection(SolutionProperties) = preSolution
		HideSolutionNode = FALSE
	EndGlobalSection
	GlobalSection(ExtensibilityGlobals) = postSolution
		SolutionGuid = {1CC75243-411F-4E34-B8BC-9484F0DC7AFD}
	EndGlobalSection
EndGlobal
