
Microsoft Visual Studio Solution File, Format Version 12.00
# Visual Studio Version 16
VisualStudioVersion = 25.0.1706.0
MinimumVisualStudioVersion = 10.0.40219.1
Project("{FAE04EC0-301F-11D3-BF4B-00C04F79EFBC}") = "Day 1 Lect", "Day 1 Lect\Day 1 Lect.csproj", "{ECE89EFC-200E-4707-B146-15769C7F97E3}"
EndProject
Global
	GlobalSection(SolutionConfigurationPlatforms) = preSolution
		Debug|Any CPU = Debug|Any CPU
		Release|Any CPU = Release|Any CPU
	EndGlobalSection
	GlobalSection(ProjectConfigurationPlatforms) = postSolution
		{ECE89EFC-200E-4707-B146-15769C7F97E3}.Debug|Any CPU.ActiveCfg = Debug|Any CPU
		{ECE89EFC-200E-4707-B146-15769C7F97E3}.Debug|Any CPU.Build.0 = Debug|Any CPU
		{ECE89EFC-200E-4707-B146-15769C7F97E3}.Release|Any CPU.ActiveCfg = Release|Any CPU
		{ECE89EFC-200E-4707-B146-15769C7F97E3}.Release|Any CPU.Build.0 = Release|Any CPU
	EndGlobalSection
	GlobalSection(SolutionProperties) = preSolution
		HideSolutionNode = FALSE
	EndGlobalSection
	GlobalSection(ExtensibilityGlobals) = postSolution
		SolutionGuid = {9D61E057-BA85-446B-806D-BC009F95126D}
	EndGlobalSection
EndGlobal
