
Microsoft Visual Studio Solution File, Format Version 12.00
# Visual Studio Version 16
VisualStudioVersion = 25.0.1706.0
MinimumVisualStudioVersion = 10.0.40219.1
Project("{FAE04EC0-301F-11D3-BF4B-00C04F79EFBC}") = "Objects", "Objects\Objects.csproj", "{77297D56-0ABD-4697-92A9-96C760F68A8C}"
EndProject
Global
	GlobalSection(SolutionConfigurationPlatforms) = preSolution
		Debug|Any CPU = Debug|Any CPU
		Release|Any CPU = Release|Any CPU
	EndGlobalSection
	GlobalSection(ProjectConfigurationPlatforms) = postSolution
		{77297D56-0ABD-4697-92A9-96C760F68A8C}.Debug|Any CPU.ActiveCfg = Debug|Any CPU
		{77297D56-0ABD-4697-92A9-96C760F68A8C}.Debug|Any CPU.Build.0 = Debug|Any CPU
		{77297D56-0ABD-4697-92A9-96C760F68A8C}.Release|Any CPU.ActiveCfg = Release|Any CPU
		{77297D56-0ABD-4697-92A9-96C760F68A8C}.Release|Any CPU.Build.0 = Release|Any CPU
	EndGlobalSection
	GlobalSection(SolutionProperties) = preSolution
		HideSolutionNode = FALSE
	EndGlobalSection
	GlobalSection(ExtensibilityGlobals) = postSolution
		SolutionGuid = {68C3DEA0-8686-4BA9-9DA7-82608CC9F06A}
	EndGlobalSection
EndGlobal
