
Microsoft Visual Studio Solution File, Format Version 12.00
# Visual Studio Version 16
VisualStudioVersion = 25.0.1706.0
MinimumVisualStudioVersion = 10.0.40219.1
Project("{FAE04EC0-301F-11D3-BF4B-00C04F79EFBC}") = "Object Oriented Programming 2", "Object Oriented Programming 2\Object Oriented Programming 2.csproj", "{4BCA1EFC-5839-40C8-AF0A-15A79BE5760E}"
EndProject
Global
	GlobalSection(SolutionConfigurationPlatforms) = preSolution
		Debug|Any CPU = Debug|Any CPU
		Release|Any CPU = Release|Any CPU
	EndGlobalSection
	GlobalSection(ProjectConfigurationPlatforms) = postSolution
		{4BCA1EFC-5839-40C8-AF0A-15A79BE5760E}.Debug|Any CPU.ActiveCfg = Debug|Any CPU
		{4BCA1EFC-5839-40C8-AF0A-15A79BE5760E}.Debug|Any CPU.Build.0 = Debug|Any CPU
		{4BCA1EFC-5839-40C8-AF0A-15A79BE5760E}.Release|Any CPU.ActiveCfg = Release|Any CPU
		{4BCA1EFC-5839-40C8-AF0A-15A79BE5760E}.Release|Any CPU.Build.0 = Release|Any CPU
	EndGlobalSection
	GlobalSection(SolutionProperties) = preSolution
		HideSolutionNode = FALSE
	EndGlobalSection
	GlobalSection(ExtensibilityGlobals) = postSolution
		SolutionGuid = {F7E671F2-B345-4149-974B-AE459E94A49B}
	EndGlobalSection
EndGlobal
