
Microsoft Visual Studio Solution File, Format Version 12.00
# Visual Studio Version 16
VisualStudioVersion = 25.0.1706.0
MinimumVisualStudioVersion = 10.0.40219.1
Project("{FAE04EC0-301F-11D3-BF4B-00C04F79EFBC}") = "Methods Lecture", "Methods Lecture\Methods Lecture.csproj", "{7111F33D-62D5-46ED-9ECB-7276242169E2}"
EndProject
Global
	GlobalSection(SolutionConfigurationPlatforms) = preSolution
		Debug|Any CPU = Debug|Any CPU
		Release|Any CPU = Release|Any CPU
	EndGlobalSection
	GlobalSection(ProjectConfigurationPlatforms) = postSolution
		{7111F33D-62D5-46ED-9ECB-7276242169E2}.Debug|Any CPU.ActiveCfg = Debug|Any CPU
		{7111F33D-62D5-46ED-9ECB-7276242169E2}.Debug|Any CPU.Build.0 = Debug|Any CPU
		{7111F33D-62D5-46ED-9ECB-7276242169E2}.Release|Any CPU.ActiveCfg = Release|Any CPU
		{7111F33D-62D5-46ED-9ECB-7276242169E2}.Release|Any CPU.Build.0 = Release|Any CPU
	EndGlobalSection
	GlobalSection(SolutionProperties) = preSolution
		HideSolutionNode = FALSE
	EndGlobalSection
	GlobalSection(ExtensibilityGlobals) = postSolution
		SolutionGuid = {348F3D10-E8FD-4F39-B0B4-6753FE853AA8}
	EndGlobalSection
EndGlobal
